
Microsoft Visual Studio Solution File, Format Version 12.00
# Visual Studio Version 17
VisualStudioVersion = 17.10.35004.147
MinimumVisualStudioVersion = 10.0.40219.1
Project("{FAE04EC0-301F-11D3-BF4B-00C04F79EFBC}") = "VideotekaApp", "VideotekaApp.csproj", "{8EF51733-C19D-4CA7-AF99-1ECB16F5122A}"
EndProject
Global
	GlobalSection(SolutionConfigurationPlatforms) = preSolution
		Debug|Any CPU = Debug|Any CPU
		Release|Any CPU = Release|Any CPU
	EndGlobalSection
	GlobalSection(ProjectConfigurationPlatforms) = postSolution
		{8EF51733-C19D-4CA7-AF99-1ECB16F5122A}.Debug|Any CPU.ActiveCfg = Debug|Any CPU
		{8EF51733-C19D-4CA7-AF99-1ECB16F5122A}.Debug|Any CPU.Build.0 = Debug|Any CPU
		{8EF51733-C19D-4CA7-AF99-1ECB16F5122A}.Release|Any CPU.ActiveCfg = Release|Any CPU
		{8EF51733-C19D-4CA7-AF99-1ECB16F5122A}.Release|Any CPU.Build.0 = Release|Any CPU
	EndGlobalSection
	GlobalSection(SolutionProperties) = preSolution
		HideSolutionNode = FALSE
	EndGlobalSection
	GlobalSection(ExtensibilityGlobals) = postSolution
		SolutionGuid = {DC976A7A-C859-4FA2-8B02-755BEF021CE1}
	EndGlobalSection
EndGlobal
